// !$*UTF8*$!
{
	archiveVersion = 1;
	classes = {
	};
	objectVersion = 50;
	objects = {

/* Begin PBXBuildFile section */
		C337923120C77102000250C1 /* vectorSupport.swift in Sources */ = {isa = PBXBuildFile; fileRef = C337923020C77102000250C1 /* vectorSupport.swift */; };
		C337923320C7748D000250C1 /* Sampling.swift in Sources */ = {isa = PBXBuildFile; fileRef = C337923220C7748D000250C1 /* Sampling.swift */; };
		C37CB79320C25E8B00A004E7 /* main.swift in Sources */ = {isa = PBXBuildFile; fileRef = C37CB79220C25E8B00A004E7 /* main.swift */; };
		C37CB79A20C25F9F00A004E7 /* Render.swift in Sources */ = {isa = PBXBuildFile; fileRef = C37CB79920C25F9F00A004E7 /* Render.swift */; };
		C37CB79C20C2657700A004E7 /* ImageWriter.swift in Sources */ = {isa = PBXBuildFile; fileRef = C37CB79B20C2657700A004E7 /* ImageWriter.swift */; };
		C37CB79E20C2670900A004E7 /* random.swift in Sources */ = {isa = PBXBuildFile; fileRef = C37CB79D20C2670900A004E7 /* random.swift */; };
		C37CB7A020C26B4D00A004E7 /* Radiance.swift in Sources */ = {isa = PBXBuildFile; fileRef = C37CB79F20C26B4D00A004E7 /* Radiance.swift */; };
		C37CB7A220C26BE300A004E7 /* Ray.swift in Sources */ = {isa = PBXBuildFile; fileRef = C37CB7A120C26BE300A004E7 /* Ray.swift */; };
		C37CB7A620C273AB00A004E7 /* Intersection.swift in Sources */ = {isa = PBXBuildFile; fileRef = C37CB7A520C273AB00A004E7 /* Intersection.swift */; };
		C37CB7A820C274BC00A004E7 /* constant.swift in Sources */ = {isa = PBXBuildFile; fileRef = C37CB7A720C274BC00A004E7 /* constant.swift */; };
		C37CB7AA20C2759100A004E7 /* Scene.swift in Sources */ = {isa = PBXBuildFile; fileRef = C37CB7A920C2759100A004E7 /* Scene.swift */; };
		C37CB7AC20C2759F00A004E7 /* Object.swift in Sources */ = {isa = PBXBuildFile; fileRef = C37CB7AB20C2759F00A004E7 /* Object.swift */; };
		C37CB7AE20C2760900A004E7 /* Material.swift in Sources */ = {isa = PBXBuildFile; fileRef = C37CB7AD20C2760900A004E7 /* Material.swift */; };
/* End PBXBuildFile section */

/* Begin PBXCopyFilesBuildPhase section */
		C37CB78D20C25E8B00A004E7 /* CopyFiles */ = {
			isa = PBXCopyFilesBuildPhase;
			buildActionMask = 2147483647;
			dstPath = /usr/share/man/man1/;
			dstSubfolderSpec = 0;
			files = (
			);
			runOnlyForDeploymentPostprocessing = 1;
		};
/* End PBXCopyFilesBuildPhase section */

/* Begin PBXFileReference section */
		C337923020C77102000250C1 /* vectorSupport.swift */ = {isa = PBXFileReference; lastKnownFileType = sourcecode.swift; path = vectorSupport.swift; sourceTree = "<group>"; };
		C337923220C7748D000250C1 /* Sampling.swift */ = {isa = PBXFileReference; lastKnownFileType = sourcecode.swift; path = Sampling.swift; sourceTree = "<group>"; };
		C37CB78F20C25E8B00A004E7 /* PathTracing-Demo */ = {isa = PBXFileReference; explicitFileType = "compiled.mach-o.executable"; includeInIndex = 0; path = "PathTracing-Demo"; sourceTree = BUILT_PRODUCTS_DIR; };
		C37CB79220C25E8B00A004E7 /* main.swift */ = {isa = PBXFileReference; lastKnownFileType = sourcecode.swift; path = main.swift; sourceTree = "<group>"; };
		C37CB79920C25F9F00A004E7 /* Render.swift */ = {isa = PBXFileReference; lastKnownFileType = sourcecode.swift; path = Render.swift; sourceTree = "<group>"; };
		C37CB79B20C2657700A004E7 /* ImageWriter.swift */ = {isa = PBXFileReference; fileEncoding = 4; lastKnownFileType = sourcecode.swift; path = ImageWriter.swift; sourceTree = "<group>"; };
		C37CB79D20C2670900A004E7 /* random.swift */ = {isa = PBXFileReference; lastKnownFileType = sourcecode.swift; path = random.swift; sourceTree = "<group>"; };
		C37CB79F20C26B4D00A004E7 /* Radiance.swift */ = {isa = PBXFileReference; lastKnownFileType = sourcecode.swift; path = Radiance.swift; sourceTree = "<group>"; };
		C37CB7A120C26BE300A004E7 /* Ray.swift */ = {isa = PBXFileReference; lastKnownFileType = sourcecode.swift; path = Ray.swift; sourceTree = "<group>"; };
		C37CB7A520C273AB00A004E7 /* Intersection.swift */ = {isa = PBXFileReference; lastKnownFileType = sourcecode.swift; path = Intersection.swift; sourceTree = "<group>"; };
		C37CB7A720C274BC00A004E7 /* constant.swift */ = {isa = PBXFileReference; lastKnownFileType = sourcecode.swift; path = constant.swift; sourceTree = "<group>"; };
		C37CB7A920C2759100A004E7 /* Scene.swift */ = {isa = PBXFileReference; lastKnownFileType = sourcecode.swift; path = Scene.swift; sourceTree = "<group>"; };
		C37CB7AB20C2759F00A004E7 /* Object.swift */ = {isa = PBXFileReference; lastKnownFileType = sourcecode.swift; path = Object.swift; sourceTree = "<group>"; };
		C37CB7AD20C2760900A004E7 /* Material.swift */ = {isa = PBXFileReference; lastKnownFileType = sourcecode.swift; path = Material.swift; sourceTree = "<group>"; };
/* End PBXFileReference section */

/* Begin PBXFrameworksBuildPhase section */
		C37CB78C20C25E8B00A004E7 /* Frameworks */ = {
			isa = PBXFrameworksBuildPhase;
			buildActionMask = 2147483647;
			files = (
			);
			runOnlyForDeploymentPostprocessing = 0;
		};
/* End PBXFrameworksBuildPhase section */

/* Begin PBXGroup section */
		C37CB78620C25E8B00A004E7 = {
			isa = PBXGroup;
			children = (
				C37CB79120C25E8B00A004E7 /* PathTracing-Demo */,
				C37CB79020C25E8B00A004E7 /* Products */,
			);
			sourceTree = "<group>";
		};
		C37CB79020C25E8B00A004E7 /* Products */ = {
			isa = PBXGroup;
			children = (
				C37CB78F20C25E8B00A004E7 /* PathTracing-Demo */,
			);
			name = Products;
			sourceTree = "<group>";
		};
		C37CB79120C25E8B00A004E7 /* PathTracing-Demo */ = {
			isa = PBXGroup;
			children = (
				C37CB79220C25E8B00A004E7 /* main.swift */,
				C37CB79920C25F9F00A004E7 /* Render.swift */,
				C37CB79F20C26B4D00A004E7 /* Radiance.swift */,
				C37CB7A920C2759100A004E7 /* Scene.swift */,
				C37CB7AD20C2760900A004E7 /* Material.swift */,
				C337923220C7748D000250C1 /* Sampling.swift */,
				C337923020C77102000250C1 /* vectorSupport.swift */,
				C37CB7AB20C2759F00A004E7 /* Object.swift */,
				C37CB7A520C273AB00A004E7 /* Intersection.swift */,
				C37CB7A720C274BC00A004E7 /* constant.swift */,
				C37CB7A120C26BE300A004E7 /* Ray.swift */,
				C37CB79B20C2657700A004E7 /* ImageWriter.swift */,
				C37CB79D20C2670900A004E7 /* random.swift */,
			);
			path = "PathTracing-Demo";
			sourceTree = "<group>";
		};
/* End PBXGroup section */

/* Begin PBXNativeTarget section */
		C37CB78E20C25E8B00A004E7 /* PathTracing-Demo */ = {
			isa = PBXNativeTarget;
			buildConfigurationList = C37CB79620C25E8B00A004E7 /* Build configuration list for PBXNativeTarget "PathTracing-Demo" */;
			buildPhases = (
				C37CB78B20C25E8B00A004E7 /* Sources */,
				C37CB78C20C25E8B00A004E7 /* Frameworks */,
				C37CB78D20C25E8B00A004E7 /* CopyFiles */,
			);
			buildRules = (
			);
			dependencies = (
			);
			name = "PathTracing-Demo";
			productName = "PathTracing-Demo";
			productReference = C37CB78F20C25E8B00A004E7 /* PathTracing-Demo */;
			productType = "com.apple.product-type.tool";
		};
/* End PBXNativeTarget section */

/* Begin PBXProject section */
		C37CB78720C25E8B00A004E7 /* Project object */ = {
			isa = PBXProject;
			attributes = {
				LastSwiftUpdateCheck = 0930;
				LastUpgradeCheck = 0930;
				ORGANIZATIONNAME = "";
				TargetAttributes = {
					C37CB78E20C25E8B00A004E7 = {
						CreatedOnToolsVersion = 9.3.1;
					};
				};
			};
			buildConfigurationList = C37CB78A20C25E8B00A004E7 /* Build configuration list for PBXProject "PathTracing-Demo" */;
			compatibilityVersion = "Xcode 9.3";
			developmentRegion = en;
			hasScannedForEncodings = 0;
			knownRegions = (
				en,
			);
			mainGroup = C37CB78620C25E8B00A004E7;
			productRefGroup = C37CB79020C25E8B00A004E7 /* Products */;
			projectDirPath = "";
			projectRoot = "";
			targets = (
				C37CB78E20C25E8B00A004E7 /* PathTracing-Demo */,
			);
		};
/* End PBXProject section */

/* Begin PBXSourcesBuildPhase section */
		C37CB78B20C25E8B00A004E7 /* Sources */ = {
			isa = PBXSourcesBuildPhase;
			buildActionMask = 2147483647;
			files = (
				C337923320C7748D000250C1 /* Sampling.swift in Sources */,
				C37CB79E20C2670900A004E7 /* random.swift in Sources */,
				C37CB7A820C274BC00A004E7 /* constant.swift in Sources */,
				C37CB7AA20C2759100A004E7 /* Scene.swift in Sources */,
				C37CB7A020C26B4D00A004E7 /* Radiance.swift in Sources */,
				C337923120C77102000250C1 /* vectorSupport.swift in Sources */,
				C37CB7AE20C2760900A004E7 /* Material.swift in Sources */,
				C37CB7AC20C2759F00A004E7 /* Object.swift in Sources */,
				C37CB7A220C26BE300A004E7 /* Ray.swift in Sources */,
				C37CB7A620C273AB00A004E7 /* Intersection.swift in Sources */,
				C37CB79320C25E8B00A004E7 /* main.swift in Sources */,
				C37CB79C20C2657700A004E7 /* ImageWriter.swift in Sources */,
				C37CB79A20C25F9F00A004E7 /* Render.swift in Sources */,
			);
			runOnlyForDeploymentPostprocessing = 0;
		};
/* End PBXSourcesBuildPhase section */

/* Begin XCBuildConfiguration section */
		C37CB79420C25E8B00A004E7 /* Debug */ = {
			isa = XCBuildConfiguration;
			buildSettings = {
				ALWAYS_SEARCH_USER_PATHS = NO;
				CLANG_ANALYZER_NONNULL = YES;
				CLANG_ANALYZER_NUMBER_OBJECT_CONVERSION = YES_AGGRESSIVE;
				CLANG_CXX_LANGUAGE_STANDARD = "gnu++14";
				CLANG_CXX_LIBRARY = "libc++";
				CLANG_ENABLE_MODULES = YES;
				CLANG_ENABLE_OBJC_ARC = YES;
				CLANG_ENABLE_OBJC_WEAK = YES;
				CLANG_WARN_BLOCK_CAPTURE_AUTORELEASING = YES;
				CLANG_WARN_BOOL_CONVERSION = YES;
				CLANG_WARN_COMMA = YES;
				CLANG_WARN_CONSTANT_CONVERSION = YES;
				CLANG_WARN_DEPRECATED_OBJC_IMPLEMENTATIONS = YES;
				CLANG_WARN_DIRECT_OBJC_ISA_USAGE = YES_ERROR;
				CLANG_WARN_DOCUMENTATION_COMMENTS = YES;
				CLANG_WARN_EMPTY_BODY = YES;
				CLANG_WARN_ENUM_CONVERSION = YES;
				CLANG_WARN_INFINITE_RECURSION = YES;
				CLANG_WARN_INT_CONVERSION = YES;
				CLANG_WARN_NON_LITERAL_NULL_CONVERSION = YES;
				CLANG_WARN_OBJC_IMPLICIT_RETAIN_SELF = YES;
				CLANG_WARN_OBJC_LITERAL_CONVERSION = YES;
				CLANG_WARN_OBJC_ROOT_CLASS = YES_ERROR;
				CLANG_WARN_RANGE_LOOP_ANALYSIS = YES;
				CLANG_WARN_STRICT_PROTOTYPES = YES;
				CLANG_WARN_SUSPICIOUS_MOVE = YES;
				CLANG_WARN_UNGUARDED_AVAILABILITY = YES_AGGRESSIVE;
				CLANG_WARN_UNREACHABLE_CODE = YES;
				CLANG_WARN__DUPLICATE_METHOD_MATCH = YES;
				CODE_SIGN_IDENTITY = "-";
				COPY_PHASE_STRIP = NO;
				DEBUG_INFORMATION_FORMAT = dwarf;
				ENABLE_STRICT_OBJC_MSGSEND = YES;
				ENABLE_TESTABILITY = YES;
				GCC_C_LANGUAGE_STANDARD = gnu11;
				GCC_DYNAMIC_NO_PIC = NO;
				GCC_NO_COMMON_BLOCKS = YES;
				GCC_OPTIMIZATION_LEVEL = 0;
				GCC_PREPROCESSOR_DEFINITIONS = (
					"DEBUG=1",
					"$(inherited)",
				);
				GCC_WARN_64_TO_32_BIT_CONVERSION = YES;
				GCC_WARN_ABOUT_RETURN_TYPE = YES_ERROR;
				GCC_WARN_UNDECLARED_SELECTOR = YES;
				GCC_WARN_UNINITIALIZED_AUTOS = YES_AGGRESSIVE;
				GCC_WARN_UNUSED_FUNCTION = YES;
				GCC_WARN_UNUSED_VARIABLE = YES;
				MACOSX_DEPLOYMENT_TARGET = 10.13;
				MTL_ENABLE_DEBUG_INFO = YES;
				ONLY_ACTIVE_ARCH = YES;
				SDKROOT = macosx;
				SWIFT_ACTIVE_COMPILATION_CONDITIONS = DEBUG;
				SWIFT_OPTIMIZATION_LEVEL = "-Onone";
			};
			name = Debug;
		};
		C37CB79520C25E8B00A004E7 /* Release */ = {
			isa = XCBuildConfiguration;
			buildSettings = {
				ALWAYS_SEARCH_USER_PATHS = NO;
				CLANG_ANALYZER_NONNULL = YES;
				CLANG_ANALYZER_NUMBER_OBJECT_CONVERSION = YES_AGGRESSIVE;
				CLANG_CXX_LANGUAGE_STANDARD = "gnu++14";
				CLANG_CXX_LIBRARY = "libc++";
				CLANG_ENABLE_MODULES = YES;
				CLANG_ENABLE_OBJC_ARC = YES;
				CLANG_ENABLE_OBJC_WEAK = YES;
				CLANG_WARN_BLOCK_CAPTURE_AUTORELEASING = YES;
				CLANG_WARN_BOOL_CONVERSION = YES;
				CLANG_WARN_COMMA = YES;
				CLANG_WARN_CONSTANT_CONVERSION = YES;
				CLANG_WARN_DEPRECATED_OBJC_IMPLEMENTATIONS = YES;
				CLANG_WARN_DIRECT_OBJC_ISA_USAGE = YES_ERROR;
				CLANG_WARN_DOCUMENTATION_COMMENTS = YES;
				CLANG_WARN_EMPTY_BODY = YES;
				CLANG_WARN_ENUM_CONVERSION = YES;
				CLANG_WARN_INFINITE_RECURSION = YES;
				CLANG_WARN_INT_CONVERSION = YES;
				CLANG_WARN_NON_LITERAL_NULL_CONVERSION = YES;
				CLANG_WARN_OBJC_IMPLICIT_RETAIN_SELF = YES;
				CLANG_WARN_OBJC_LITERAL_CONVERSION = YES;
				CLANG_WARN_OBJC_ROOT_CLASS = YES_ERROR;
				CLANG_WARN_RANGE_LOOP_ANALYSIS = YES;
				CLANG_WARN_STRICT_PROTOTYPES = YES;
				CLANG_WARN_SUSPICIOUS_MOVE = YES;
				CLANG_WARN_UNGUARDED_AVAILABILITY = YES_AGGRESSIVE;
				CLANG_WARN_UNREACHABLE_CODE = YES;
				CLANG_WARN__DUPLICATE_METHOD_MATCH = YES;
				CODE_SIGN_IDENTITY = "-";
				COPY_PHASE_STRIP = NO;
				DEBUG_INFORMATION_FORMAT = "dwarf-with-dsym";
				ENABLE_NS_ASSERTIONS = NO;
				ENABLE_STRICT_OBJC_MSGSEND = YES;
				GCC_C_LANGUAGE_STANDARD = gnu11;
				GCC_NO_COMMON_BLOCKS = YES;
				GCC_WARN_64_TO_32_BIT_CONVERSION = YES;
				GCC_WARN_ABOUT_RETURN_TYPE = YES_ERROR;
				GCC_WARN_UNDECLARED_SELECTOR = YES;
				GCC_WARN_UNINITIALIZED_AUTOS = YES_AGGRESSIVE;
				GCC_WARN_UNUSED_FUNCTION = YES;
				GCC_WARN_UNUSED_VARIABLE = YES;
				MACOSX_DEPLOYMENT_TARGET = 10.13;
				MTL_ENABLE_DEBUG_INFO = NO;
				SDKROOT = macosx;
				SWIFT_COMPILATION_MODE = wholemodule;
				SWIFT_OPTIMIZATION_LEVEL = "-O";
			};
			name = Release;
		};
		C37CB79720C25E8B00A004E7 /* Debug */ = {
			isa = XCBuildConfiguration;
			buildSettings = {
				CODE_SIGN_STYLE = Automatic;
				PRODUCT_NAME = "$(TARGET_NAME)";
				SWIFT_VERSION = 4.0;
			};
			name = Debug;
		};
		C37CB79820C25E8B00A004E7 /* Release */ = {
			isa = XCBuildConfiguration;
			buildSettings = {
				CODE_SIGN_STYLE = Automatic;
				GCC_OPTIMIZATION_LEVEL = fast;
				PRODUCT_NAME = "$(TARGET_NAME)";
				SWIFT_VERSION = 4.0;
			};
			name = Release;
		};
/* End XCBuildConfiguration section */

/* Begin XCConfigurationList section */
		C37CB78A20C25E8B00A004E7 /* Build configuration list for PBXProject "PathTracing-Demo" */ = {
			isa = XCConfigurationList;
			buildConfigurations = (
				C37CB79420C25E8B00A004E7 /* Debug */,
				C37CB79520C25E8B00A004E7 /* Release */,
			);
			defaultConfigurationIsVisible = 0;
			defaultConfigurationName = Release;
		};
		C37CB79620C25E8B00A004E7 /* Build configuration list for PBXNativeTarget "PathTracing-Demo" */ = {
			isa = XCConfigurationList;
			buildConfigurations = (
				C37CB79720C25E8B00A004E7 /* Debug */,
				C37CB79820C25E8B00A004E7 /* Release */,
			);
			defaultConfigurationIsVisible = 0;
			defaultConfigurationName = Release;
		};
/* End XCConfigurationList section */
	};
	rootObject = C37CB78720C25E8B00A004E7 /* Project object */;
}
